
Microsoft Visual Studio Solution File, Format Version 10.00
# Visual Studio 2008
Project("{8BC9CEB8-8B4A-11D0-8D11-00A0C91BC942}") = "mfc1", "mfc1\mfc1.vcproj", "{FF2B5103-A160-48F5-8F6A-8D2C4B4730A2}"
EndProject
Global
	GlobalSection(SolutionConfigurationPlatforms) = preSolution
		Debug|Win32 = Debug|Win32
		Release|Win32 = Release|Win32
	EndGlobalSection
	GlobalSection(ProjectConfigurationPlatforms) = postSolution
		{FF2B5103-A160-48F5-8F6A-8D2C4B4730A2}.Debug|Win32.ActiveCfg = Debug|Win32
		{FF2B5103-A160-48F5-8F6A-8D2C4B4730A2}.Debug|Win32.Build.0 = Debug|Win32
		{FF2B5103-A160-48F5-8F6A-8D2C4B4730A2}.Release|Win32.ActiveCfg = Release|Win32
		{FF2B5103-A160-48F5-8F6A-8D2C4B4730A2}.Release|Win32.Build.0 = Release|Win32
	EndGlobalSection
	GlobalSection(SolutionProperties) = preSolution
		HideSolutionNode = FALSE
	EndGlobalSection
EndGlobal
