
Microsoft Visual Studio Solution File, Format Version 12.00
# Visual Studio 15
VisualStudioVersion = 15.0.28307.572
MinimumVisualStudioVersion = 10.0.40219.1
Project("{8BC9CEB8-8B4A-11D0-8D11-00A0C91BC942}") = "hipsdrvpr", "hipsdrvpr.vcxproj", "{852F540D-0BB4-40F4-B2B8-FF8DC07C3815}"
EndProject
Global
	GlobalSection(SolutionConfigurationPlatforms) = preSolution
		Debug|Win32 = Debug|Win32
		Release|Win32 = Release|Win32
	EndGlobalSection
	GlobalSection(ProjectConfigurationPlatforms) = postSolution
		{852F540D-0BB4-40F4-B2B8-FF8DC07C3815}.Debug|Win32.ActiveCfg = Debug|Win32
		{852F540D-0BB4-40F4-B2B8-FF8DC07C3815}.Debug|Win32.Build.0 = Debug|Win32
		{852F540D-0BB4-40F4-B2B8-FF8DC07C3815}.Release|Win32.ActiveCfg = Release|Win32
		{852F540D-0BB4-40F4-B2B8-FF8DC07C3815}.Release|Win32.Build.0 = Release|Win32
	EndGlobalSection
	GlobalSection(SolutionProperties) = preSolution
		HideSolutionNode = FALSE
	EndGlobalSection
	GlobalSection(ExtensibilityGlobals) = postSolution
		SolutionGuid = {5364D6D2-1E80-40C7-9C3B-2ACE69A057FA}
	EndGlobalSection
EndGlobal
