<?xml version="1.0" encoding="utf-8"?>
<Project ToolsVersion="4.0" xmlns="http://schemas.microsoft.com/developer/msbuild/2003">
  <ItemGroup>
    <Filter Include="Source Files">
      <UniqueIdentifier>{56d69954-25d8-466a-80f7-01cd7738ed5e}</UniqueIdentifier>
      <Extensions>cpp;c;cxx;rc;def;r;odl;idl;hpj;bat</Extensions>
    </Filter>
    <Filter Include="Header Files">
      <UniqueIdentifier>{fafd7c8a-2ae0-49ff-ac8c-9519a7ebc4b4}</UniqueIdentifier>
      <Extensions>h;hpp;hxx;hm;inl</Extensions>
    </Filter>
    <Filter Include="Resource Files">
      <UniqueIdentifier>{65365cf1-50cb-4295-ba48-f0d4c791ecb2}</UniqueIdentifier>
      <Extensions>ico;cur;bmp;dlg;rc2;rct;bin;rgs;gif;jpg;jpeg;jpe</Extensions>
    </Filter>
  </ItemGroup>
  <ItemGroup>
    <ClCompile Include="..\hash.c">
      <Filter>Source Files</Filter>
    </ClCompile>
    <ClCompile Include="..\misc.c">
      <Filter>Source Files</Filter>
    </ClCompile>
    <ClCompile Include="..\namelookup.c">
      <Filter>Source Files</Filter>
    </ClCompile>
    <ClCompile Include="..\sfilter.c">
      <Filter>Source Files</Filter>
    </ClCompile>
    <ClCompile Include="..\SFLock.c">
      <Filter>Source Files</Filter>
    </ClCompile>
    <ClCompile Include="..\UserInteraction.c">
      <Filter>Source Files</Filter>
    </ClCompile>
  </ItemGroup>
  <ItemGroup>
    <ClInclude Include="..\hash.h">
      <Filter>Header Files</Filter>
    </ClInclude>
    <ClInclude Include="..\ioctlcmd.h">
      <Filter>Header Files</Filter>
    </ClInclude>
    <ClInclude Include="..\misc.h">
      <Filter>Header Files</Filter>
    </ClInclude>
    <ClInclude Include="..\namelookup.h">
      <Filter>Header Files</Filter>
    </ClInclude>
    <ClInclude Include="..\namelookupdef.h">
      <Filter>Header Files</Filter>
    </ClInclude>
    <ClInclude Include="..\precomp.h">
      <Filter>Header Files</Filter>
    </ClInclude>
    <ClInclude Include="..\sfilter.h">
      <Filter>Header Files</Filter>
    </ClInclude>
    <ClInclude Include="..\UserInteraction.h">
      <Filter>Header Files</Filter>
    </ClInclude>
  </ItemGroup>
</Project>