
Microsoft Visual Studio Solution File, Format Version 10.00
# Visual Studio 2008
Project("{8BC9CEB8-8B4A-11D0-8D11-00A0C91BC942}") = "KeyBoardHook", "KeyBoardHook\KeyBoardHook.vcproj", "{518060CF-BCA2-4613-A283-54905A6584BC}"
EndProject
Global
	GlobalSection(SolutionConfigurationPlatforms) = preSolution
		Debug|Win32 = Debug|Win32
		Release|Win32 = Release|Win32
	EndGlobalSection
	GlobalSection(ProjectConfigurationPlatforms) = postSolution
		{518060CF-BCA2-4613-A283-54905A6584BC}.Debug|Win32.ActiveCfg = Debug|Win32
		{518060CF-BCA2-4613-A283-54905A6584BC}.Debug|Win32.Build.0 = Debug|Win32
		{518060CF-BCA2-4613-A283-54905A6584BC}.Release|Win32.ActiveCfg = Release|Win32
		{518060CF-BCA2-4613-A283-54905A6584BC}.Release|Win32.Build.0 = Release|Win32
	EndGlobalSection
	GlobalSection(SolutionProperties) = preSolution
		HideSolutionNode = FALSE
	EndGlobalSection
EndGlobal
