
Microsoft Visual Studio Solution File, Format Version 10.00
# Visual Studio 2008
Project("{8BC9CEB8-8B4A-11D0-8D11-00A0C91BC942}") = "UNICODE_STRINGDemo", "UNICODE_STRINGDemo\UNICODE_STRINGDemo.vcproj", "{152D8A5A-E8AC-4848-B732-A48F033A831E}"
EndProject
Global
	GlobalSection(SolutionConfigurationPlatforms) = preSolution
		Debug|Win32 = Debug|Win32
		Release|Win32 = Release|Win32
	EndGlobalSection
	GlobalSection(ProjectConfigurationPlatforms) = postSolution
		{152D8A5A-E8AC-4848-B732-A48F033A831E}.Debug|Win32.ActiveCfg = Debug|Win32
		{152D8A5A-E8AC-4848-B732-A48F033A831E}.Debug|Win32.Build.0 = Debug|Win32
		{152D8A5A-E8AC-4848-B732-A48F033A831E}.Release|Win32.ActiveCfg = Release|Win32
		{152D8A5A-E8AC-4848-B732-A48F033A831E}.Release|Win32.Build.0 = Release|Win32
	EndGlobalSection
	GlobalSection(SolutionProperties) = preSolution
		HideSolutionNode = FALSE
	EndGlobalSection
EndGlobal
