
Microsoft Visual Studio Solution File, Format Version 10.00
# Visual Studio 2008
Project("{8BC9CEB8-8B4A-11D0-8D11-00A0C91BC942}") = "p0sixB1ackcatNtModel", "p0sixB1ackcatNtModel\p0sixB1ackcatNtModel.vcproj", "{1699E472-EE5A-40D5-8F97-B2A5A2D71A26}"
EndProject
Global
	GlobalSection(SolutionConfigurationPlatforms) = preSolution
		Debug|Win32 = Debug|Win32
		Release|Win32 = Release|Win32
	EndGlobalSection
	GlobalSection(ProjectConfigurationPlatforms) = postSolution
		{1699E472-EE5A-40D5-8F97-B2A5A2D71A26}.Debug|Win32.ActiveCfg = Debug|Win32
		{1699E472-EE5A-40D5-8F97-B2A5A2D71A26}.Debug|Win32.Build.0 = Debug|Win32
		{1699E472-EE5A-40D5-8F97-B2A5A2D71A26}.Release|Win32.ActiveCfg = Release|Win32
		{1699E472-EE5A-40D5-8F97-B2A5A2D71A26}.Release|Win32.Build.0 = Release|Win32
	EndGlobalSection
	GlobalSection(SolutionProperties) = preSolution
		HideSolutionNode = FALSE
	EndGlobalSection
EndGlobal
