
Microsoft Visual Studio Solution File, Format Version 10.00
# Visual Studio 2008
Project("{8BC9CEB8-8B4A-11D0-8D11-00A0C91BC942}") = "mydll", "mydll\mydll.vcproj", "{22781195-A0C1-4D02-8DEA-49DEC766AABA}"
EndProject
Global
	GlobalSection(SolutionConfigurationPlatforms) = preSolution
		Debug|Win32 = Debug|Win32
		Release|Win32 = Release|Win32
	EndGlobalSection
	GlobalSection(ProjectConfigurationPlatforms) = postSolution
		{22781195-A0C1-4D02-8DEA-49DEC766AABA}.Debug|Win32.ActiveCfg = Debug|Win32
		{22781195-A0C1-4D02-8DEA-49DEC766AABA}.Debug|Win32.Build.0 = Debug|Win32
		{22781195-A0C1-4D02-8DEA-49DEC766AABA}.Release|Win32.ActiveCfg = Release|Win32
		{22781195-A0C1-4D02-8DEA-49DEC766AABA}.Release|Win32.Build.0 = Release|Win32
	EndGlobalSection
	GlobalSection(SolutionProperties) = preSolution
		HideSolutionNode = FALSE
	EndGlobalSection
EndGlobal
